// !$*UTF8*$!
{
	archiveVersion = 1;
	classes = {
	};
	objectVersion = 48;
	objects = {

/* Begin PBXBuildFile section */
		070FD44A1FCDEB77000B3309 /* test.cpp in Sources */ = {isa = PBXBuildFile; fileRef = 070FD4491FCDEB77000B3309 /* test.cpp */; };
		074875A41FE6D2BC003256CC /* crl_common_on_main.cpp in Sources */ = {isa = PBXBuildFile; fileRef = 074875A21FE6D2BC003256CC /* crl_common_on_main.cpp */; };
		074875A71FE6D384003256CC /* crl_common_on_main.cpp in Sources */ = {isa = PBXBuildFile; fileRef = 074875A21FE6D2BC003256CC /* crl_common_on_main.cpp */; };
		07F40D1D1FCED5020081B46F /* crl_common_queue.cpp in Sources */ = {isa = PBXBuildFile; fileRef = 07F40D171FCED5020081B46F /* crl_common_queue.cpp */; };
		07F40D1E1FCED5020081B46F /* crl_common_list.cpp in Sources */ = {isa = PBXBuildFile; fileRef = 07F40D191FCED5020081B46F /* crl_common_list.cpp */; };
		07F40D251FCED50B0081B46F /* crl_dispatch_async.cpp in Sources */ = {isa = PBXBuildFile; fileRef = 07F40D1F1FCED50A0081B46F /* crl_dispatch_async.cpp */; };
		07F40D261FCED50B0081B46F /* crl_dispatch_semaphore.cpp in Sources */ = {isa = PBXBuildFile; fileRef = 07F40D201FCED50A0081B46F /* crl_dispatch_semaphore.cpp */; };
		07F40D271FCED50B0081B46F /* crl_dispatch_queue.cpp in Sources */ = {isa = PBXBuildFile; fileRef = 07F40D231FCED50B0081B46F /* crl_dispatch_queue.cpp */; };
		07F40D2C1FCED5190081B46F /* crl_qt_async.cpp in Sources */ = {isa = PBXBuildFile; fileRef = 07F40D291FCED5190081B46F /* crl_qt_async.cpp */; };
		07F40D2D1FCED5190081B46F /* crl_qt_semaphore.cpp in Sources */ = {isa = PBXBuildFile; fileRef = 07F40D2B1FCED5190081B46F /* crl_qt_semaphore.cpp */; };
		07F40D351FCED5220081B46F /* crl_winapi_semaphore.cpp in Sources */ = {isa = PBXBuildFile; fileRef = 07F40D2F1FCED5220081B46F /* crl_winapi_semaphore.cpp */; };
		07F40D361FCED5220081B46F /* crl_winapi_list.cpp in Sources */ = {isa = PBXBuildFile; fileRef = 07F40D301FCED5220081B46F /* crl_winapi_list.cpp */; };
		07F40D371FCED5220081B46F /* crl_winapi_async.cpp in Sources */ = {isa = PBXBuildFile; fileRef = 07F40D321FCED5220081B46F /* crl_winapi_async.cpp */; };
		07F40D431FCED9AD0081B46F /* test.cpp in Sources */ = {isa = PBXBuildFile; fileRef = 070FD4491FCDEB77000B3309 /* test.cpp */; };
		07F40D441FCED9AD0081B46F /* crl_common_list.cpp in Sources */ = {isa = PBXBuildFile; fileRef = 07F40D191FCED5020081B46F /* crl_common_list.cpp */; };
		07F40D451FCED9AD0081B46F /* crl_common_queue.cpp in Sources */ = {isa = PBXBuildFile; fileRef = 07F40D171FCED5020081B46F /* crl_common_queue.cpp */; };
		07F40D461FCED9AD0081B46F /* crl_dispatch_async.cpp in Sources */ = {isa = PBXBuildFile; fileRef = 07F40D1F1FCED50A0081B46F /* crl_dispatch_async.cpp */; };
		07F40D471FCED9AD0081B46F /* crl_dispatch_queue.cpp in Sources */ = {isa = PBXBuildFile; fileRef = 07F40D231FCED50B0081B46F /* crl_dispatch_queue.cpp */; };
		07F40D481FCED9AD0081B46F /* crl_dispatch_semaphore.cpp in Sources */ = {isa = PBXBuildFile; fileRef = 07F40D201FCED50A0081B46F /* crl_dispatch_semaphore.cpp */; };
		07F40D491FCED9AD0081B46F /* crl_qt_async.cpp in Sources */ = {isa = PBXBuildFile; fileRef = 07F40D291FCED5190081B46F /* crl_qt_async.cpp */; };
		07F40D4A1FCED9AD0081B46F /* crl_qt_semaphore.cpp in Sources */ = {isa = PBXBuildFile; fileRef = 07F40D2B1FCED5190081B46F /* crl_qt_semaphore.cpp */; };
		07F40D4B1FCED9AD0081B46F /* crl_winapi_async.cpp in Sources */ = {isa = PBXBuildFile; fileRef = 07F40D321FCED5220081B46F /* crl_winapi_async.cpp */; };
		07F40D4C1FCED9AD0081B46F /* crl_winapi_list.cpp in Sources */ = {isa = PBXBuildFile; fileRef = 07F40D301FCED5220081B46F /* crl_winapi_list.cpp */; };
		07F40D4D1FCED9AD0081B46F /* crl_winapi_semaphore.cpp in Sources */ = {isa = PBXBuildFile; fileRef = 07F40D2F1FCED5220081B46F /* crl_winapi_semaphore.cpp */; };
/* End PBXBuildFile section */

/* Begin PBXCopyFilesBuildPhase section */
		0735A9801FCDDEA2000E7B86 /* CopyFiles */ = {
			isa = PBXCopyFilesBuildPhase;
			buildActionMask = 2147483647;
			dstPath = /usr/share/man/man1/;
			dstSubfolderSpec = 0;
			files = (
			);
			runOnlyForDeploymentPostprocessing = 1;
		};
		07F40D3A1FCED8A60081B46F /* CopyFiles */ = {
			isa = PBXCopyFilesBuildPhase;
			buildActionMask = 2147483647;
			dstPath = /usr/share/man/man1/;
			dstSubfolderSpec = 0;
			files = (
			);
			runOnlyForDeploymentPostprocessing = 1;
		};
/* End PBXCopyFilesBuildPhase section */

/* Begin PBXFileReference section */
		070FD4371FCDEB70000B3309 /* crl.h */ = {isa = PBXFileReference; fileEncoding = 4; lastKnownFileType = sourcecode.c.h; name = crl.h; path = src/crl/crl.h; sourceTree = "<group>"; };
		070FD4491FCDEB77000B3309 /* test.cpp */ = {isa = PBXFileReference; fileEncoding = 4; lastKnownFileType = sourcecode.cpp.cpp; name = test.cpp; path = src/test.cpp; sourceTree = "<group>"; };
		0735A9821FCDDEA2000E7B86 /* test */ = {isa = PBXFileReference; explicitFileType = "compiled.mach-o.executable"; includeInIndex = 0; path = test; sourceTree = BUILT_PRODUCTS_DIR; };
		074875A11FE6D2BC003256CC /* crl_common_sync.h */ = {isa = PBXFileReference; fileEncoding = 4; lastKnownFileType = sourcecode.c.h; name = crl_common_sync.h; path = src/crl/common/crl_common_sync.h; sourceTree = "<group>"; };
		074875A21FE6D2BC003256CC /* crl_common_on_main.cpp */ = {isa = PBXFileReference; fileEncoding = 4; lastKnownFileType = sourcecode.cpp.cpp; name = crl_common_on_main.cpp; path = src/crl/common/crl_common_on_main.cpp; sourceTree = "<group>"; };
		074875A31FE6D2BC003256CC /* crl_common_on_main.h */ = {isa = PBXFileReference; fileEncoding = 4; lastKnownFileType = sourcecode.c.h; name = crl_common_on_main.h; path = src/crl/common/crl_common_on_main.h; sourceTree = "<group>"; };
		074875A51FE6D2CE003256CC /* crl_dispatch_on_main.h */ = {isa = PBXFileReference; fileEncoding = 4; lastKnownFileType = sourcecode.c.h; name = crl_dispatch_on_main.h; path = src/crl/dispatch/crl_dispatch_on_main.h; sourceTree = "<group>"; };
		074875A61FE6D2D9003256CC /* crl_on_main.h */ = {isa = PBXFileReference; fileEncoding = 4; lastKnownFileType = sourcecode.c.h; name = crl_on_main.h; path = src/crl/crl_on_main.h; sourceTree = "<group>"; };
		07F40D111FCED4DD0081B46F /* crl_async.h */ = {isa = PBXFileReference; fileEncoding = 4; lastKnownFileType = sourcecode.c.h; name = crl_async.h; path = src/crl/crl_async.h; sourceTree = "<group>"; };
		07F40D121FCED4DD0081B46F /* crl_semaphore.h */ = {isa = PBXFileReference; fileEncoding = 4; lastKnownFileType = sourcecode.c.h; name = crl_semaphore.h; path = src/crl/crl_semaphore.h; sourceTree = "<group>"; };
		07F40D131FCED4DD0081B46F /* crl_queue.h */ = {isa = PBXFileReference; fileEncoding = 4; lastKnownFileType = sourcecode.c.h; name = crl_queue.h; path = src/crl/crl_queue.h; sourceTree = "<group>"; };
		07F40D171FCED5020081B46F /* crl_common_queue.cpp */ = {isa = PBXFileReference; fileEncoding = 4; lastKnownFileType = sourcecode.cpp.cpp; name = crl_common_queue.cpp; path = src/crl/common/crl_common_queue.cpp; sourceTree = "<group>"; };
		07F40D181FCED5020081B46F /* crl_common_utils.h */ = {isa = PBXFileReference; fileEncoding = 4; lastKnownFileType = sourcecode.c.h; name = crl_common_utils.h; path = src/crl/common/crl_common_utils.h; sourceTree = "<group>"; };
		07F40D191FCED5020081B46F /* crl_common_list.cpp */ = {isa = PBXFileReference; fileEncoding = 4; lastKnownFileType = sourcecode.cpp.cpp; name = crl_common_list.cpp; path = src/crl/common/crl_common_list.cpp; sourceTree = "<group>"; };
		07F40D1A1FCED5020081B46F /* crl_common_list.h */ = {isa = PBXFileReference; fileEncoding = 4; lastKnownFileType = sourcecode.c.h; name = crl_common_list.h; path = src/crl/common/crl_common_list.h; sourceTree = "<group>"; };
		07F40D1B1FCED5020081B46F /* crl_common_config.h */ = {isa = PBXFileReference; fileEncoding = 4; lastKnownFileType = sourcecode.c.h; name = crl_common_config.h; path = src/crl/common/crl_common_config.h; sourceTree = "<group>"; };
		07F40D1C1FCED5020081B46F /* crl_common_queue.h */ = {isa = PBXFileReference; fileEncoding = 4; lastKnownFileType = sourcecode.c.h; name = crl_common_queue.h; path = src/crl/common/crl_common_queue.h; sourceTree = "<group>"; };
		07F40D1F1FCED50A0081B46F /* crl_dispatch_async.cpp */ = {isa = PBXFileReference; fileEncoding = 4; lastKnownFileType = sourcecode.cpp.cpp; name = crl_dispatch_async.cpp; path = src/crl/dispatch/crl_dispatch_async.cpp; sourceTree = "<group>"; };
		07F40D201FCED50A0081B46F /* crl_dispatch_semaphore.cpp */ = {isa = PBXFileReference; fileEncoding = 4; lastKnownFileType = sourcecode.cpp.cpp; name = crl_dispatch_semaphore.cpp; path = src/crl/dispatch/crl_dispatch_semaphore.cpp; sourceTree = "<group>"; };
		07F40D211FCED50A0081B46F /* crl_dispatch_async.h */ = {isa = PBXFileReference; fileEncoding = 4; lastKnownFileType = sourcecode.c.h; name = crl_dispatch_async.h; path = src/crl/dispatch/crl_dispatch_async.h; sourceTree = "<group>"; };
		07F40D221FCED50A0081B46F /* crl_dispatch_semaphore.h */ = {isa = PBXFileReference; fileEncoding = 4; lastKnownFileType = sourcecode.c.h; name = crl_dispatch_semaphore.h; path = src/crl/dispatch/crl_dispatch_semaphore.h; sourceTree = "<group>"; };
		07F40D231FCED50B0081B46F /* crl_dispatch_queue.cpp */ = {isa = PBXFileReference; fileEncoding = 4; lastKnownFileType = sourcecode.cpp.cpp; name = crl_dispatch_queue.cpp; path = src/crl/dispatch/crl_dispatch_queue.cpp; sourceTree = "<group>"; };
		07F40D241FCED50B0081B46F /* crl_dispatch_queue.h */ = {isa = PBXFileReference; fileEncoding = 4; lastKnownFileType = sourcecode.c.h; name = crl_dispatch_queue.h; path = src/crl/dispatch/crl_dispatch_queue.h; sourceTree = "<group>"; };
		07F40D281FCED5190081B46F /* crl_qt_semaphore.h */ = {isa = PBXFileReference; fileEncoding = 4; lastKnownFileType = sourcecode.c.h; name = crl_qt_semaphore.h; path = src/crl/qt/crl_qt_semaphore.h; sourceTree = "<group>"; };
		07F40D291FCED5190081B46F /* crl_qt_async.cpp */ = {isa = PBXFileReference; fileEncoding = 4; lastKnownFileType = sourcecode.cpp.cpp; name = crl_qt_async.cpp; path = src/crl/qt/crl_qt_async.cpp; sourceTree = "<group>"; };
		07F40D2A1FCED5190081B46F /* crl_qt_async.h */ = {isa = PBXFileReference; fileEncoding = 4; lastKnownFileType = sourcecode.c.h; name = crl_qt_async.h; path = src/crl/qt/crl_qt_async.h; sourceTree = "<group>"; };
		07F40D2B1FCED5190081B46F /* crl_qt_semaphore.cpp */ = {isa = PBXFileReference; fileEncoding = 4; lastKnownFileType = sourcecode.cpp.cpp; name = crl_qt_semaphore.cpp; path = src/crl/qt/crl_qt_semaphore.cpp; sourceTree = "<group>"; };
		07F40D2E1FCED5220081B46F /* crl_winapi_async.h */ = {isa = PBXFileReference; fileEncoding = 4; lastKnownFileType = sourcecode.c.h; name = crl_winapi_async.h; path = src/crl/winapi/crl_winapi_async.h; sourceTree = "<group>"; };
		07F40D2F1FCED5220081B46F /* crl_winapi_semaphore.cpp */ = {isa = PBXFileReference; fileEncoding = 4; lastKnownFileType = sourcecode.cpp.cpp; name = crl_winapi_semaphore.cpp; path = src/crl/winapi/crl_winapi_semaphore.cpp; sourceTree = "<group>"; };
		07F40D301FCED5220081B46F /* crl_winapi_list.cpp */ = {isa = PBXFileReference; fileEncoding = 4; lastKnownFileType = sourcecode.cpp.cpp; name = crl_winapi_list.cpp; path = src/crl/winapi/crl_winapi_list.cpp; sourceTree = "<group>"; };
		07F40D311FCED5220081B46F /* crl_winapi_semaphore.h */ = {isa = PBXFileReference; fileEncoding = 4; lastKnownFileType = sourcecode.c.h; name = crl_winapi_semaphore.h; path = src/crl/winapi/crl_winapi_semaphore.h; sourceTree = "<group>"; };
		07F40D321FCED5220081B46F /* crl_winapi_async.cpp */ = {isa = PBXFileReference; fileEncoding = 4; lastKnownFileType = sourcecode.cpp.cpp; name = crl_winapi_async.cpp; path = src/crl/winapi/crl_winapi_async.cpp; sourceTree = "<group>"; };
		07F40D331FCED5220081B46F /* crl_winapi_list.h */ = {isa = PBXFileReference; fileEncoding = 4; lastKnownFileType = sourcecode.c.h; name = crl_winapi_list.h; path = src/crl/winapi/crl_winapi_list.h; sourceTree = "<group>"; };
		07F40D341FCED5220081B46F /* crl_winapi_dll.h */ = {isa = PBXFileReference; fileEncoding = 4; lastKnownFileType = sourcecode.c.h; name = crl_winapi_dll.h; path = src/crl/winapi/crl_winapi_dll.h; sourceTree = "<group>"; };
		07F40D3C1FCED8A60081B46F /* testQt */ = {isa = PBXFileReference; explicitFileType = "compiled.mach-o.executable"; includeInIndex = 0; path = testQt; sourceTree = BUILT_PRODUCTS_DIR; };
/* End PBXFileReference section */

/* Begin PBXFrameworksBuildPhase section */
		0735A97F1FCDDEA2000E7B86 /* Frameworks */ = {
			isa = PBXFrameworksBuildPhase;
			buildActionMask = 2147483647;
			files = (
			);
			runOnlyForDeploymentPostprocessing = 0;
		};
		07F40D391FCED8A60081B46F /* Frameworks */ = {
			isa = PBXFrameworksBuildPhase;
			buildActionMask = 2147483647;
			files = (
			);
			runOnlyForDeploymentPostprocessing = 0;
		};
/* End PBXFrameworksBuildPhase section */

/* Begin PBXGroup section */
		070FD42F1FCDEB5D000B3309 /* src */ = {
			isa = PBXGroup;
			children = (
				070FD4491FCDEB77000B3309 /* test.cpp */,
				070FD4301FCDEB66000B3309 /* crl */,
			);
			name = src;
			sourceTree = "<group>";
		};
		070FD4301FCDEB66000B3309 /* crl */ = {
			isa = PBXGroup;
			children = (
				07F40D101FCED4C30081B46F /* common */,
				07F40D141FCED4E30081B46F /* dispatch */,
				07F40D151FCED4E80081B46F /* qt */,
				07F40D161FCED4ED0081B46F /* winapi */,
				07F40D111FCED4DD0081B46F /* crl_async.h */,
				074875A61FE6D2D9003256CC /* crl_on_main.h */,
				07F40D131FCED4DD0081B46F /* crl_queue.h */,
				07F40D121FCED4DD0081B46F /* crl_semaphore.h */,
				070FD4371FCDEB70000B3309 /* crl.h */,
			);
			name = crl;
			sourceTree = "<group>";
		};
		0735A9791FCDDEA2000E7B86 = {
			isa = PBXGroup;
			children = (
				070FD42F1FCDEB5D000B3309 /* src */,
				0735A9831FCDDEA2000E7B86 /* Products */,
			);
			sourceTree = "<group>";
		};
		0735A9831FCDDEA2000E7B86 /* Products */ = {
			isa = PBXGroup;
			children = (
				0735A9821FCDDEA2000E7B86 /* test */,
				07F40D3C1FCED8A60081B46F /* testQt */,
			);
			name = Products;
			sourceTree = "<group>";
		};
		07F40D101FCED4C30081B46F /* common */ = {
			isa = PBXGroup;
			children = (
				07F40D1B1FCED5020081B46F /* crl_common_config.h */,
				07F40D191FCED5020081B46F /* crl_common_list.cpp */,
				07F40D1A1FCED5020081B46F /* crl_common_list.h */,
				074875A21FE6D2BC003256CC /* crl_common_on_main.cpp */,
				074875A31FE6D2BC003256CC /* crl_common_on_main.h */,
				07F40D171FCED5020081B46F /* crl_common_queue.cpp */,
				07F40D1C1FCED5020081B46F /* crl_common_queue.h */,
				074875A11FE6D2BC003256CC /* crl_common_sync.h */,
				07F40D181FCED5020081B46F /* crl_common_utils.h */,
			);
			name = common;
			sourceTree = "<group>";
		};
		07F40D141FCED4E30081B46F /* dispatch */ = {
			isa = PBXGroup;
			children = (
				07F40D1F1FCED50A0081B46F /* crl_dispatch_async.cpp */,
				07F40D211FCED50A0081B46F /* crl_dispatch_async.h */,
				074875A51FE6D2CE003256CC /* crl_dispatch_on_main.h */,
				07F40D231FCED50B0081B46F /* crl_dispatch_queue.cpp */,
				07F40D241FCED50B0081B46F /* crl_dispatch_queue.h */,
				07F40D201FCED50A0081B46F /* crl_dispatch_semaphore.cpp */,
				07F40D221FCED50A0081B46F /* crl_dispatch_semaphore.h */,
			);
			name = dispatch;
			sourceTree = "<group>";
		};
		07F40D151FCED4E80081B46F /* qt */ = {
			isa = PBXGroup;
			children = (
				07F40D291FCED5190081B46F /* crl_qt_async.cpp */,
				07F40D2A1FCED5190081B46F /* crl_qt_async.h */,
				07F40D2B1FCED5190081B46F /* crl_qt_semaphore.cpp */,
				07F40D281FCED5190081B46F /* crl_qt_semaphore.h */,
			);
			name = qt;
			sourceTree = "<group>";
		};
		07F40D161FCED4ED0081B46F /* winapi */ = {
			isa = PBXGroup;
			children = (
				07F40D321FCED5220081B46F /* crl_winapi_async.cpp */,
				07F40D2E1FCED5220081B46F /* crl_winapi_async.h */,
				07F40D341FCED5220081B46F /* crl_winapi_dll.h */,
				07F40D301FCED5220081B46F /* crl_winapi_list.cpp */,
				07F40D331FCED5220081B46F /* crl_winapi_list.h */,
				07F40D2F1FCED5220081B46F /* crl_winapi_semaphore.cpp */,
				07F40D311FCED5220081B46F /* crl_winapi_semaphore.h */,
			);
			name = winapi;
			sourceTree = "<group>";
		};
/* End PBXGroup section */

/* Begin PBXNativeTarget section */
		0735A9811FCDDEA2000E7B86 /* test */ = {
			isa = PBXNativeTarget;
			buildConfigurationList = 0735A9891FCDDEA2000E7B86 /* Build configuration list for PBXNativeTarget "test" */;
			buildPhases = (
				0735A97E1FCDDEA2000E7B86 /* Sources */,
				0735A97F1FCDDEA2000E7B86 /* Frameworks */,
				0735A9801FCDDEA2000E7B86 /* CopyFiles */,
			);
			buildRules = (
			);
			dependencies = (
			);
			name = test;
			productName = test;
			productReference = 0735A9821FCDDEA2000E7B86 /* test */;
			productType = "com.apple.product-type.tool";
		};
		07F40D3B1FCED8A60081B46F /* testQt */ = {
			isa = PBXNativeTarget;
			buildConfigurationList = 07F40D401FCED8A60081B46F /* Build configuration list for PBXNativeTarget "testQt" */;
			buildPhases = (
				07F40D381FCED8A60081B46F /* Sources */,
				07F40D391FCED8A60081B46F /* Frameworks */,
				07F40D3A1FCED8A60081B46F /* CopyFiles */,
			);
			buildRules = (
			);
			dependencies = (
			);
			name = testQt;
			productName = testQt;
			productReference = 07F40D3C1FCED8A60081B46F /* testQt */;
			productType = "com.apple.product-type.tool";
		};
/* End PBXNativeTarget section */

/* Begin PBXProject section */
		0735A97A1FCDDEA2000E7B86 /* Project object */ = {
			isa = PBXProject;
			attributes = {
				LastUpgradeCheck = 0910;
				ORGANIZATIONNAME = "Vasilii Babich";
				TargetAttributes = {
					0735A9811FCDDEA2000E7B86 = {
						CreatedOnToolsVersion = 9.1;
						ProvisioningStyle = Automatic;
					};
					07F40D3B1FCED8A60081B46F = {
						CreatedOnToolsVersion = 9.1;
						ProvisioningStyle = Automatic;
					};
				};
			};
			buildConfigurationList = 0735A97D1FCDDEA2000E7B86 /* Build configuration list for PBXProject "test" */;
			compatibilityVersion = "Xcode 8.0";
			developmentRegion = en;
			hasScannedForEncodings = 0;
			knownRegions = (
				en,
			);
			mainGroup = 0735A9791FCDDEA2000E7B86;
			productRefGroup = 0735A9831FCDDEA2000E7B86 /* Products */;
			projectDirPath = "";
			projectRoot = "";
			targets = (
				0735A9811FCDDEA2000E7B86 /* test */,
				07F40D3B1FCED8A60081B46F /* testQt */,
			);
		};
/* End PBXProject section */

/* Begin PBXSourcesBuildPhase section */
		0735A97E1FCDDEA2000E7B86 /* Sources */ = {
			isa = PBXSourcesBuildPhase;
			buildActionMask = 2147483647;
			files = (
				07F40D351FCED5220081B46F /* crl_winapi_semaphore.cpp in Sources */,
				07F40D2C1FCED5190081B46F /* crl_qt_async.cpp in Sources */,
				07F40D251FCED50B0081B46F /* crl_dispatch_async.cpp in Sources */,
				07F40D371FCED5220081B46F /* crl_winapi_async.cpp in Sources */,
				07F40D361FCED5220081B46F /* crl_winapi_list.cpp in Sources */,
				07F40D1E1FCED5020081B46F /* crl_common_list.cpp in Sources */,
				07F40D1D1FCED5020081B46F /* crl_common_queue.cpp in Sources */,
				07F40D261FCED50B0081B46F /* crl_dispatch_semaphore.cpp in Sources */,
				074875A41FE6D2BC003256CC /* crl_common_on_main.cpp in Sources */,
				07F40D2D1FCED5190081B46F /* crl_qt_semaphore.cpp in Sources */,
				070FD44A1FCDEB77000B3309 /* test.cpp in Sources */,
				07F40D271FCED50B0081B46F /* crl_dispatch_queue.cpp in Sources */,
			);
			runOnlyForDeploymentPostprocessing = 0;
		};
		07F40D381FCED8A60081B46F /* Sources */ = {
			isa = PBXSourcesBuildPhase;
			buildActionMask = 2147483647;
			files = (
				074875A71FE6D384003256CC /* crl_common_on_main.cpp in Sources */,
				07F40D431FCED9AD0081B46F /* test.cpp in Sources */,
				07F40D441FCED9AD0081B46F /* crl_common_list.cpp in Sources */,
				07F40D451FCED9AD0081B46F /* crl_common_queue.cpp in Sources */,
				07F40D461FCED9AD0081B46F /* crl_dispatch_async.cpp in Sources */,
				07F40D471FCED9AD0081B46F /* crl_dispatch_queue.cpp in Sources */,
				07F40D481FCED9AD0081B46F /* crl_dispatch_semaphore.cpp in Sources */,
				07F40D491FCED9AD0081B46F /* crl_qt_async.cpp in Sources */,
				07F40D4A1FCED9AD0081B46F /* crl_qt_semaphore.cpp in Sources */,
				07F40D4B1FCED9AD0081B46F /* crl_winapi_async.cpp in Sources */,
				07F40D4C1FCED9AD0081B46F /* crl_winapi_list.cpp in Sources */,
				07F40D4D1FCED9AD0081B46F /* crl_winapi_semaphore.cpp in Sources */,
			);
			runOnlyForDeploymentPostprocessing = 0;
		};
/* End PBXSourcesBuildPhase section */

/* Begin XCBuildConfiguration section */
		0735A9871FCDDEA2000E7B86 /* Debug */ = {
			isa = XCBuildConfiguration;
			buildSettings = {
				ALWAYS_SEARCH_USER_PATHS = NO;
				CLANG_ANALYZER_NONNULL = YES;
				CLANG_ANALYZER_NUMBER_OBJECT_CONVERSION = YES_AGGRESSIVE;
				CLANG_CXX_LANGUAGE_STANDARD = "c++17";
				CLANG_CXX_LIBRARY = "libc++";
				CLANG_ENABLE_MODULES = YES;
				CLANG_ENABLE_OBJC_ARC = YES;
				CLANG_WARN_BLOCK_CAPTURE_AUTORELEASING = YES;
				CLANG_WARN_BOOL_CONVERSION = YES;
				CLANG_WARN_COMMA = YES;
				CLANG_WARN_CONSTANT_CONVERSION = YES;
				CLANG_WARN_DIRECT_OBJC_ISA_USAGE = YES_ERROR;
				CLANG_WARN_DOCUMENTATION_COMMENTS = YES;
				CLANG_WARN_EMPTY_BODY = YES;
				CLANG_WARN_ENUM_CONVERSION = YES;
				CLANG_WARN_INFINITE_RECURSION = YES;
				CLANG_WARN_INT_CONVERSION = YES;
				CLANG_WARN_NON_LITERAL_NULL_CONVERSION = YES;
				CLANG_WARN_OBJC_LITERAL_CONVERSION = YES;
				CLANG_WARN_OBJC_ROOT_CLASS = YES_ERROR;
				CLANG_WARN_RANGE_LOOP_ANALYSIS = YES;
				CLANG_WARN_STRICT_PROTOTYPES = YES;
				CLANG_WARN_SUSPICIOUS_MOVE = YES;
				CLANG_WARN_UNGUARDED_AVAILABILITY = YES_AGGRESSIVE;
				CLANG_WARN_UNREACHABLE_CODE = YES;
				CLANG_WARN__DUPLICATE_METHOD_MATCH = YES;
				CODE_SIGN_IDENTITY = "-";
				COPY_PHASE_STRIP = NO;
				DEBUG_INFORMATION_FORMAT = "dwarf-with-dsym";
				ENABLE_STRICT_OBJC_MSGSEND = YES;
				ENABLE_TESTABILITY = YES;
				GCC_C_LANGUAGE_STANDARD = gnu11;
				GCC_DYNAMIC_NO_PIC = NO;
				GCC_NO_COMMON_BLOCKS = YES;
				GCC_OPTIMIZATION_LEVEL = 0;
				GCC_PREPROCESSOR_DEFINITIONS = (
					"DEBUG=1",
					"$(inherited)",
					_DEBUG,
				);
				GCC_WARN_64_TO_32_BIT_CONVERSION = YES;
				GCC_WARN_ABOUT_RETURN_TYPE = YES_ERROR;
				GCC_WARN_UNDECLARED_SELECTOR = YES;
				GCC_WARN_UNINITIALIZED_AUTOS = YES_AGGRESSIVE;
				GCC_WARN_UNUSED_FUNCTION = YES;
				GCC_WARN_UNUSED_VARIABLE = YES;
				HEADER_SEARCH_PATHS = src/;
				LLVM_LTO = YES;
				MACOSX_DEPLOYMENT_TARGET = 10.13;
				MTL_ENABLE_DEBUG_INFO = YES;
				ONLY_ACTIVE_ARCH = YES;
				SDKROOT = macosx;
			};
			name = Debug;
		};
		0735A9881FCDDEA2000E7B86 /* Release */ = {
			isa = XCBuildConfiguration;
			buildSettings = {
				ALWAYS_SEARCH_USER_PATHS = NO;
				CLANG_ANALYZER_NONNULL = YES;
				CLANG_ANALYZER_NUMBER_OBJECT_CONVERSION = YES_AGGRESSIVE;
				CLANG_CXX_LANGUAGE_STANDARD = "c++17";
				CLANG_CXX_LIBRARY = "libc++";
				CLANG_ENABLE_MODULES = YES;
				CLANG_ENABLE_OBJC_ARC = YES;
				CLANG_WARN_BLOCK_CAPTURE_AUTORELEASING = YES;
				CLANG_WARN_BOOL_CONVERSION = YES;
				CLANG_WARN_COMMA = YES;
				CLANG_WARN_CONSTANT_CONVERSION = YES;
				CLANG_WARN_DIRECT_OBJC_ISA_USAGE = YES_ERROR;
				CLANG_WARN_DOCUMENTATION_COMMENTS = YES;
				CLANG_WARN_EMPTY_BODY = YES;
				CLANG_WARN_ENUM_CONVERSION = YES;
				CLANG_WARN_INFINITE_RECURSION = YES;
				CLANG_WARN_INT_CONVERSION = YES;
				CLANG_WARN_NON_LITERAL_NULL_CONVERSION = YES;
				CLANG_WARN_OBJC_LITERAL_CONVERSION = YES;
				CLANG_WARN_OBJC_ROOT_CLASS = YES_ERROR;
				CLANG_WARN_RANGE_LOOP_ANALYSIS = YES;
				CLANG_WARN_STRICT_PROTOTYPES = YES;
				CLANG_WARN_SUSPICIOUS_MOVE = YES;
				CLANG_WARN_UNGUARDED_AVAILABILITY = YES_AGGRESSIVE;
				CLANG_WARN_UNREACHABLE_CODE = YES;
				CLANG_WARN__DUPLICATE_METHOD_MATCH = YES;
				CODE_SIGN_IDENTITY = "-";
				COPY_PHASE_STRIP = NO;
				DEBUG_INFORMATION_FORMAT = "dwarf-with-dsym";
				ENABLE_NS_ASSERTIONS = NO;
				ENABLE_STRICT_OBJC_MSGSEND = YES;
				GCC_C_LANGUAGE_STANDARD = gnu11;
				GCC_NO_COMMON_BLOCKS = YES;
				GCC_OPTIMIZATION_LEVEL = fast;
				GCC_PREPROCESSOR_DEFINITIONS = NDEBUG;
				GCC_WARN_64_TO_32_BIT_CONVERSION = YES;
				GCC_WARN_ABOUT_RETURN_TYPE = YES_ERROR;
				GCC_WARN_UNDECLARED_SELECTOR = YES;
				GCC_WARN_UNINITIALIZED_AUTOS = YES_AGGRESSIVE;
				GCC_WARN_UNUSED_FUNCTION = YES;
				GCC_WARN_UNUSED_VARIABLE = YES;
				HEADER_SEARCH_PATHS = src/;
				LLVM_LTO = YES;
				MACOSX_DEPLOYMENT_TARGET = 10.13;
				MTL_ENABLE_DEBUG_INFO = NO;
				SDKROOT = macosx;
			};
			name = Release;
		};
		0735A98A1FCDDEA2000E7B86 /* Debug */ = {
			isa = XCBuildConfiguration;
			buildSettings = {
				CODE_SIGN_STYLE = Automatic;
				GCC_PREPROCESSOR_DEFINITIONS = (
					"DEBUG=1",
					"$(inherited)",
					_DEBUG,
				);
				PRODUCT_NAME = "$(TARGET_NAME)";
			};
			name = Debug;
		};
		0735A98B1FCDDEA2000E7B86 /* Release */ = {
			isa = XCBuildConfiguration;
			buildSettings = {
				CODE_SIGN_STYLE = Automatic;
				GCC_PREPROCESSOR_DEFINITIONS = (
					NDEBUG,
					CRL_USE_COMMON_QUEUE,
				);
				PRODUCT_NAME = "$(TARGET_NAME)";
			};
			name = Release;
		};
		07F40D411FCED8A60081B46F /* Debug */ = {
			isa = XCBuildConfiguration;
			buildSettings = {
				CODE_SIGN_STYLE = Automatic;
				GCC_PREPROCESSOR_DEFINITIONS = (
					"DEBUG=1",
					"$(inherited)",
					_DEBUG,
					CRL_FORCE_QT,
				);
				HEADER_SEARCH_PATHS = (
					src/,
					"/usr/local/tdesktop/Qt-5.6.2/include",
				);
				LIBRARY_SEARCH_PATHS = "/usr/local/tdesktop/Qt-5.6.2/lib";
				OTHER_LDFLAGS = (
					"-framework",
					CoreFoundation,
					"-framework",
					CoreServices,
					"-framework",
					Foundation,
					"-framework",
					AppKit,
					"/usr/local/tdesktop/Qt-5.6.2/lib/libqtpcre_debug.a",
					"/usr/local/tdesktop/Qt-5.6.2/lib/libQt5Core_debug.a",
					/usr/local/lib/libz.a,
				);
				PRODUCT_NAME = "$(TARGET_NAME)";
			};
			name = Debug;
		};
		07F40D421FCED8A60081B46F /* Release */ = {
			isa = XCBuildConfiguration;
			buildSettings = {
				CODE_SIGN_STYLE = Automatic;
				GCC_PREPROCESSOR_DEFINITIONS = (
					NDEBUG,
					CRL_FORCE_QT,
				);
				HEADER_SEARCH_PATHS = (
					src/,
					"/usr/local/tdesktop/Qt-5.6.2/include",
				);
				LIBRARY_SEARCH_PATHS = "/usr/local/tdesktop/Qt-5.6.2/lib";
				OTHER_LDFLAGS = (
					"-framework",
					CoreFoundation,
					"-framework",
					CoreServices,
					"-framework",
					Foundation,
					"-framework",
					AppKit,
					"/usr/local/tdesktop/Qt-5.6.2/lib/libqtpcre.a",
					"/usr/local/tdesktop/Qt-5.6.2/lib/libQt5Core.a",
					/usr/local/lib/libz.a,
				);
				PRODUCT_NAME = "$(TARGET_NAME)";
			};
			name = Release;
		};
/* End XCBuildConfiguration section */

/* Begin XCConfigurationList section */
		0735A97D1FCDDEA2000E7B86 /* Build configuration list for PBXProject "test" */ = {
			isa = XCConfigurationList;
			buildConfigurations = (
				0735A9871FCDDEA2000E7B86 /* Debug */,
				0735A9881FCDDEA2000E7B86 /* Release */,
			);
			defaultConfigurationIsVisible = 0;
			defaultConfigurationName = Release;
		};
		0735A9891FCDDEA2000E7B86 /* Build configuration list for PBXNativeTarget "test" */ = {
			isa = XCConfigurationList;
			buildConfigurations = (
				0735A98A1FCDDEA2000E7B86 /* Debug */,
				0735A98B1FCDDEA2000E7B86 /* Release */,
			);
			defaultConfigurationIsVisible = 0;
			defaultConfigurationName = Release;
		};
		07F40D401FCED8A60081B46F /* Build configuration list for PBXNativeTarget "testQt" */ = {
			isa = XCConfigurationList;
			buildConfigurations = (
				07F40D411FCED8A60081B46F /* Debug */,
				07F40D421FCED8A60081B46F /* Release */,
			);
			defaultConfigurationIsVisible = 0;
			defaultConfigurationName = Release;
		};
/* End XCConfigurationList section */
	};
	rootObject = 0735A97A1FCDDEA2000E7B86 /* Project object */;
}
