
Microsoft Visual Studio Solution File, Format Version 12.00
# Visual Studio 15
VisualStudioVersion = 15.0.27004.2010
MinimumVisualStudioVersion = 10.0.40219.1
Project("{8BC9CEB8-8B4A-11D0-8D11-00A0C91BC942}") = "crl_test", "crl_test\crl_test.vcxproj", "{D591A56E-0E9B-4201-AE89-9A5EECBA1861}"
EndProject
Global
	GlobalSection(SolutionConfigurationPlatforms) = preSolution
		Debug|x64 = Debug|x64
		Debug|x86 = Debug|x86
		Release|x64 = Release|x64
		Release|x86 = Release|x86
	EndGlobalSection
	GlobalSection(ProjectConfigurationPlatforms) = postSolution
		{D591A56E-0E9B-4201-AE89-9A5EECBA1861}.Debug|x64.ActiveCfg = Debug|x64
		{D591A56E-0E9B-4201-AE89-9A5EECBA1861}.Debug|x64.Build.0 = Debug|x64
		{D591A56E-0E9B-4201-AE89-9A5EECBA1861}.Debug|x86.ActiveCfg = Debug|Win32
		{D591A56E-0E9B-4201-AE89-9A5EECBA1861}.Debug|x86.Build.0 = Debug|Win32
		{D591A56E-0E9B-4201-AE89-9A5EECBA1861}.Release|x64.ActiveCfg = Release|x64
		{D591A56E-0E9B-4201-AE89-9A5EECBA1861}.Release|x64.Build.0 = Release|x64
		{D591A56E-0E9B-4201-AE89-9A5EECBA1861}.Release|x86.ActiveCfg = Release|Win32
		{D591A56E-0E9B-4201-AE89-9A5EECBA1861}.Release|x86.Build.0 = Release|Win32
	EndGlobalSection
	GlobalSection(SolutionProperties) = preSolution
		HideSolutionNode = FALSE
	EndGlobalSection
	GlobalSection(ExtensibilityGlobals) = postSolution
		SolutionGuid = {89B37E5A-12AB-4CB7-9D6A-0099ECDF4C64}
	EndGlobalSection
EndGlobal
