<?xml version="1.0" encoding="utf-8"?>
<Project ToolsVersion="4.0" xmlns="http://schemas.microsoft.com/developer/msbuild/2003">
  <ItemGroup>
    <Filter Include="Source Files">
      <UniqueIdentifier>{4FC737F1-C7A5-4376-A066-2A32D752A2FF}</UniqueIdentifier>
      <Extensions>cpp;c;cc;cxx;def;odl;idl;hpj;bat;asm;asmx</Extensions>
    </Filter>
    <Filter Include="Header Files">
      <UniqueIdentifier>{93995380-89BD-4b04-88EB-625FBE52EBFB}</UniqueIdentifier>
      <Extensions>h;hh;hpp;hxx;hm;inl;inc;xsd</Extensions>
    </Filter>
    <Filter Include="Resource Files">
      <UniqueIdentifier>{67DA6AB6-F800-4c08-8B7A-83BB121AAD01}</UniqueIdentifier>
      <Extensions>rc;ico;cur;bmp;dlg;rc2;rct;bin;rgs;gif;jpg;jpeg;jpe;resx;tiff;tif;png;wav;mfcribbon-ms</Extensions>
    </Filter>
    <Filter Include="crl">
      <UniqueIdentifier>{24e445fd-75fc-475c-9191-6991d3bff35b}</UniqueIdentifier>
    </Filter>
  </ItemGroup>
  <ItemGroup>
    <ClCompile Include="crl_test.cpp">
      <Filter>Source Files</Filter>
    </ClCompile>
    <ClCompile Include="crl\crl_winapi_async.cpp">
      <Filter>crl</Filter>
    </ClCompile>
    <ClCompile Include="crl\crl_winapi_queue.cpp">
      <Filter>crl</Filter>
    </ClCompile>
    <ClCompile Include="crl\crl_winapi_semaphore.cpp">
      <Filter>crl</Filter>
    </ClCompile>
  </ItemGroup>
  <ItemGroup>
    <ClInclude Include="crl\crl.h">
      <Filter>crl</Filter>
    </ClInclude>
    <ClInclude Include="crl\crl_winapi.h">
      <Filter>crl</Filter>
    </ClInclude>
    <ClInclude Include="crl\crl_winapi_async.h">
      <Filter>crl</Filter>
    </ClInclude>
    <ClInclude Include="crl\crl_winapi_queue.h">
      <Filter>crl</Filter>
    </ClInclude>
    <ClInclude Include="crl\crl_config.h">
      <Filter>crl</Filter>
    </ClInclude>
    <ClInclude Include="crl\crl_winapi_semaphore.h">
      <Filter>crl</Filter>
    </ClInclude>
    <ClInclude Include="crl\crl_utils.h">
      <Filter>crl</Filter>
    </ClInclude>
  </ItemGroup>
</Project>